
Microsoft Visual Studio Solution File, Format Version 12.00
# Visual Studio 15
VisualStudioVersion = 15.0.28307.1500
MinimumVisualStudioVersion = 10.0.40219.1
Project("{FAE04EC0-301F-11D3-BF4B-00C04F79EFBC}") = "Serial_Number_Generator", "Serial_Number_Generator\Serial_Number_Generator.csproj", "{84DC4BEF-BCBB-4325-87FE-1915F1D211F5}"
EndProject
Global
	GlobalSection(SolutionConfigurationPlatforms) = preSolution
		Debug|Any CPU = Debug|Any CPU
		Release|Any CPU = Release|Any CPU
	EndGlobalSection
	GlobalSection(ProjectConfigurationPlatforms) = postSolution
		{84DC4BEF-BCBB-4325-87FE-1915F1D211F5}.Debug|Any CPU.ActiveCfg = Debug|Any CPU
		{84DC4BEF-BCBB-4325-87FE-1915F1D211F5}.Debug|Any CPU.Build.0 = Debug|Any CPU
		{84DC4BEF-BCBB-4325-87FE-1915F1D211F5}.Release|Any CPU.ActiveCfg = Release|Any CPU
		{84DC4BEF-BCBB-4325-87FE-1915F1D211F5}.Release|Any CPU.Build.0 = Release|Any CPU
	EndGlobalSection
	GlobalSection(SolutionProperties) = preSolution
		HideSolutionNode = FALSE
	EndGlobalSection
	GlobalSection(ExtensibilityGlobals) = postSolution
		SolutionGuid = {82D565A0-EAD9-4482-A56A-30728D8CFE7A}
	EndGlobalSection
EndGlobal
